
Microsoft Visual Studio Solution File, Format Version 12.00
# Visual Studio Version 17
VisualStudioVersion = 17.2.32616.157
MinimumVisualStudioVersion = 10.0.40219.1
Project("{9A19103F-16F7-4668-BE54-9A1E7A4F7556}") = "NewRampUpAssign2", "NewRampUpAssign2\NewRampUpAssign2.csproj", "{F7C44C50-73B5-4ECB-9601-A6A19D4D54CA}"
EndProject
Project("{FAE04EC0-301F-11D3-BF4B-00C04F79EFBC}") = "MVCnWEBAPI", "MVCnWEBAPI\MVCnWEBAPI.csproj", "{50524423-2695-4366-B998-7DA50177C823}"
EndProject
Global
	GlobalSection(SolutionConfigurationPlatforms) = preSolution
		Debug|Any CPU = Debug|Any CPU
		Release|Any CPU = Release|Any CPU
	EndGlobalSection
	GlobalSection(ProjectConfigurationPlatforms) = postSolution
		{F7C44C50-73B5-4ECB-9601-A6A19D4D54CA}.Debug|Any CPU.ActiveCfg = Debug|Any CPU
		{F7C44C50-73B5-4ECB-9601-A6A19D4D54CA}.Debug|Any CPU.Build.0 = Debug|Any CPU
		{F7C44C50-73B5-4ECB-9601-A6A19D4D54CA}.Release|Any CPU.ActiveCfg = Release|Any CPU
		{F7C44C50-73B5-4ECB-9601-A6A19D4D54CA}.Release|Any CPU.Build.0 = Release|Any CPU
		{50524423-2695-4366-B998-7DA50177C823}.Debug|Any CPU.ActiveCfg = Debug|Any CPU
		{50524423-2695-4366-B998-7DA50177C823}.Debug|Any CPU.Build.0 = Debug|Any CPU
		{50524423-2695-4366-B998-7DA50177C823}.Release|Any CPU.ActiveCfg = Release|Any CPU
		{50524423-2695-4366-B998-7DA50177C823}.Release|Any CPU.Build.0 = Release|Any CPU
	EndGlobalSection
	GlobalSection(SolutionProperties) = preSolution
		HideSolutionNode = FALSE
	EndGlobalSection
	GlobalSection(ExtensibilityGlobals) = postSolution
		SolutionGuid = {E42030AD-C3E2-4573-B6F2-E65537A2CE79}
	EndGlobalSection
EndGlobal
